// !$*UTF8*$!
{
	archiveVersion = 1;
	classes = {
	};
	objectVersion = 50;
	objects = {

/* Begin PBXBuildFile section */
		F7D4B13E24FA27BF0074176D /* AppDelegate.swift in Sources */ = {isa = PBXBuildFile; fileRef = F7D4B13D24FA27BF0074176D /* AppDelegate.swift */; };
		F7D4B14024FA27BF0074176D /* ContentView.swift in Sources */ = {isa = PBXBuildFile; fileRef = F7D4B13F24FA27BF0074176D /* ContentView.swift */; };
		F7D4B14224FA27BF0074176D /* Experience.rcproject in Sources */ = {isa = PBXBuildFile; fileRef = F7D4B14124FA27BF0074176D /* Experience.rcproject */; };
		F7D4B14424FA27C10074176D /* Assets.xcassets in Resources */ = {isa = PBXBuildFile; fileRef = F7D4B14324FA27C10074176D /* Assets.xcassets */; };
		F7D4B14724FA27C10074176D /* Preview Assets.xcassets in Resources */ = {isa = PBXBuildFile; fileRef = F7D4B14624FA27C10074176D /* Preview Assets.xcassets */; };
		F7D4B14A24FA27C10074176D /* LaunchScreen.storyboard in Resources */ = {isa = PBXBuildFile; fileRef = F7D4B14824FA27C10074176D /* LaunchScreen.storyboard */; };
		F7D4B15524FA27C10074176D /* My_First_AR_appTests.swift in Sources */ = {isa = PBXBuildFile; fileRef = F7D4B15424FA27C10074176D /* My_First_AR_appTests.swift */; };
		F7D4B16024FA27C10074176D /* My_First_AR_appUITests.swift in Sources */ = {isa = PBXBuildFile; fileRef = F7D4B15F24FA27C10074176D /* My_First_AR_appUITests.swift */; };
		F7D4B16E24FA2CB10074176D /* DataModel.swift in Sources */ = {isa = PBXBuildFile; fileRef = F7D4B16D24FA2CB10074176D /* DataModel.swift */; };
		F7D4B17024FA2F8B0074176D /* ARDisplayView.swift in Sources */ = {isa = PBXBuildFile; fileRef = F7D4B16F24FA2F8B0074176D /* ARDisplayView.swift */; };
		F7D4B17224FA30210074176D /* ARUIView.swift in Sources */ = {isa = PBXBuildFile; fileRef = F7D4B17124FA30210074176D /* ARUIView.swift */; };
/* End PBXBuildFile section */

/* Begin PBXContainerItemProxy section */
		F7D4B15124FA27C10074176D /* PBXContainerItemProxy */ = {
			isa = PBXContainerItemProxy;
			containerPortal = F7D4B13224FA27BF0074176D /* Project object */;
			proxyType = 1;
			remoteGlobalIDString = F7D4B13924FA27BF0074176D;
			remoteInfo = "My First AR app";
		};
		F7D4B15C24FA27C10074176D /* PBXContainerItemProxy */ = {
			isa = PBXContainerItemProxy;
			containerPortal = F7D4B13224FA27BF0074176D /* Project object */;
			proxyType = 1;
			remoteGlobalIDString = F7D4B13924FA27BF0074176D;
			remoteInfo = "My First AR app";
		};
/* End PBXContainerItemProxy section */

/* Begin PBXFileReference section */
		F7D4B13A24FA27BF0074176D /* My First AR app.app */ = {isa = PBXFileReference; explicitFileType = wrapper.application; includeInIndex = 0; path = "My First AR app.app"; sourceTree = BUILT_PRODUCTS_DIR; };
		F7D4B13D24FA27BF0074176D /* AppDelegate.swift */ = {isa = PBXFileReference; lastKnownFileType = sourcecode.swift; path = AppDelegate.swift; sourceTree = "<group>"; };
		F7D4B13F24FA27BF0074176D /* ContentView.swift */ = {isa = PBXFileReference; lastKnownFileType = sourcecode.swift; path = ContentView.swift; sourceTree = "<group>"; };
		F7D4B14124FA27BF0074176D /* Experience.rcproject */ = {isa = PBXFileReference; lastKnownFileType = file.rcproject; path = Experience.rcproject; sourceTree = "<group>"; };
		F7D4B14324FA27C10074176D /* Assets.xcassets */ = {isa = PBXFileReference; lastKnownFileType = folder.assetcatalog; path = Assets.xcassets; sourceTree = "<group>"; };
		F7D4B14624FA27C10074176D /* Preview Assets.xcassets */ = {isa = PBXFileReference; lastKnownFileType = folder.assetcatalog; path = "Preview Assets.xcassets"; sourceTree = "<group>"; };
		F7D4B14924FA27C10074176D /* Base */ = {isa = PBXFileReference; lastKnownFileType = file.storyboard; name = Base; path = Base.lproj/LaunchScreen.storyboard; sourceTree = "<group>"; };
		F7D4B14B24FA27C10074176D /* Info.plist */ = {isa = PBXFileReference; lastKnownFileType = text.plist.xml; path = Info.plist; sourceTree = "<group>"; };
		F7D4B15024FA27C10074176D /* My First AR appTests.xctest */ = {isa = PBXFileReference; explicitFileType = wrapper.cfbundle; includeInIndex = 0; path = "My First AR appTests.xctest"; sourceTree = BUILT_PRODUCTS_DIR; };
		F7D4B15424FA27C10074176D /* My_First_AR_appTests.swift */ = {isa = PBXFileReference; lastKnownFileType = sourcecode.swift; path = My_First_AR_appTests.swift; sourceTree = "<group>"; };
		F7D4B15624FA27C10074176D /* Info.plist */ = {isa = PBXFileReference; lastKnownFileType = text.plist.xml; path = Info.plist; sourceTree = "<group>"; };
		F7D4B15B24FA27C10074176D /* My First AR appUITests.xctest */ = {isa = PBXFileReference; explicitFileType = wrapper.cfbundle; includeInIndex = 0; path = "My First AR appUITests.xctest"; sourceTree = BUILT_PRODUCTS_DIR; };
		F7D4B15F24FA27C10074176D /* My_First_AR_appUITests.swift */ = {isa = PBXFileReference; lastKnownFileType = sourcecode.swift; path = My_First_AR_appUITests.swift; sourceTree = "<group>"; };
		F7D4B16124FA27C10074176D /* Info.plist */ = {isa = PBXFileReference; lastKnownFileType = text.plist.xml; path = Info.plist; sourceTree = "<group>"; };
		F7D4B16D24FA2CB10074176D /* DataModel.swift */ = {isa = PBXFileReference; lastKnownFileType = sourcecode.swift; path = DataModel.swift; sourceTree = "<group>"; };
		F7D4B16F24FA2F8B0074176D /* ARDisplayView.swift */ = {isa = PBXFileReference; lastKnownFileType = sourcecode.swift; path = ARDisplayView.swift; sourceTree = "<group>"; };
		F7D4B17124FA30210074176D /* ARUIView.swift */ = {isa = PBXFileReference; lastKnownFileType = sourcecode.swift; path = ARUIView.swift; sourceTree = "<group>"; };
/* End PBXFileReference section */

/* Begin PBXFrameworksBuildPhase section */
		F7D4B13724FA27BF0074176D /* Frameworks */ = {
			isa = PBXFrameworksBuildPhase;
			buildActionMask = 2147483647;
			files = (
			);
			runOnlyForDeploymentPostprocessing = 0;
		};
		F7D4B14D24FA27C10074176D /* Frameworks */ = {
			isa = PBXFrameworksBuildPhase;
			buildActionMask = 2147483647;
			files = (
			);
			runOnlyForDeploymentPostprocessing = 0;
		};
		F7D4B15824FA27C10074176D /* Frameworks */ = {
			isa = PBXFrameworksBuildPhase;
			buildActionMask = 2147483647;
			files = (
			);
			runOnlyForDeploymentPostprocessing = 0;
		};
/* End PBXFrameworksBuildPhase section */

/* Begin PBXGroup section */
		F7D4B13124FA27BF0074176D = {
			isa = PBXGroup;
			children = (
				F7D4B13C24FA27BF0074176D /* My First AR app */,
				F7D4B15324FA27C10074176D /* My First AR appTests */,
				F7D4B15E24FA27C10074176D /* My First AR appUITests */,
				F7D4B13B24FA27BF0074176D /* Products */,
			);
			sourceTree = "<group>";
		};
		F7D4B13B24FA27BF0074176D /* Products */ = {
			isa = PBXGroup;
			children = (
				F7D4B13A24FA27BF0074176D /* My First AR app.app */,
				F7D4B15024FA27C10074176D /* My First AR appTests.xctest */,
				F7D4B15B24FA27C10074176D /* My First AR appUITests.xctest */,
			);
			name = Products;
			sourceTree = "<group>";
		};
		F7D4B13C24FA27BF0074176D /* My First AR app */ = {
			isa = PBXGroup;
			children = (
				F7D4B13D24FA27BF0074176D /* AppDelegate.swift */,
				F7D4B16D24FA2CB10074176D /* DataModel.swift */,
				F7D4B13F24FA27BF0074176D /* ContentView.swift */,
				F7D4B17124FA30210074176D /* ARUIView.swift */,
				F7D4B16F24FA2F8B0074176D /* ARDisplayView.swift */,
				F7D4B14124FA27BF0074176D /* Experience.rcproject */,
				F7D4B14324FA27C10074176D /* Assets.xcassets */,
				F7D4B14824FA27C10074176D /* LaunchScreen.storyboard */,
				F7D4B14B24FA27C10074176D /* Info.plist */,
				F7D4B14524FA27C10074176D /* Preview Content */,
			);
			path = "My First AR app";
			sourceTree = "<group>";
		};
		F7D4B14524FA27C10074176D /* Preview Content */ = {
			isa = PBXGroup;
			children = (
				F7D4B14624FA27C10074176D /* Preview Assets.xcassets */,
			);
			path = "Preview Content";
			sourceTree = "<group>";
		};
		F7D4B15324FA27C10074176D /* My First AR appTests */ = {
			isa = PBXGroup;
			children = (
				F7D4B15424FA27C10074176D /* My_First_AR_appTests.swift */,
				F7D4B15624FA27C10074176D /* Info.plist */,
			);
			path = "My First AR appTests";
			sourceTree = "<group>";
		};
		F7D4B15E24FA27C10074176D /* My First AR appUITests */ = {
			isa = PBXGroup;
			children = (
				F7D4B15F24FA27C10074176D /* My_First_AR_appUITests.swift */,
				F7D4B16124FA27C10074176D /* Info.plist */,
			);
			path = "My First AR appUITests";
			sourceTree = "<group>";
		};
/* End PBXGroup section */

/* Begin PBXNativeTarget section */
		F7D4B13924FA27BF0074176D /* My First AR app */ = {
			isa = PBXNativeTarget;
			buildConfigurationList = F7D4B16424FA27C10074176D /* Build configuration list for PBXNativeTarget "My First AR app" */;
			buildPhases = (
				F7D4B13624FA27BF0074176D /* Sources */,
				F7D4B13724FA27BF0074176D /* Frameworks */,
				F7D4B13824FA27BF0074176D /* Resources */,
			);
			buildRules = (
			);
			dependencies = (
			);
			name = "My First AR app";
			productName = "My First AR app";
			productReference = F7D4B13A24FA27BF0074176D /* My First AR app.app */;
			productType = "com.apple.product-type.application";
		};
		F7D4B14F24FA27C10074176D /* My First AR appTests */ = {
			isa = PBXNativeTarget;
			buildConfigurationList = F7D4B16724FA27C10074176D /* Build configuration list for PBXNativeTarget "My First AR appTests" */;
			buildPhases = (
				F7D4B14C24FA27C10074176D /* Sources */,
				F7D4B14D24FA27C10074176D /* Frameworks */,
				F7D4B14E24FA27C10074176D /* Resources */,
			);
			buildRules = (
			);
			dependencies = (
				F7D4B15224FA27C10074176D /* PBXTargetDependency */,
			);
			name = "My First AR appTests";
			productName = "My First AR appTests";
			productReference = F7D4B15024FA27C10074176D /* My First AR appTests.xctest */;
			productType = "com.apple.product-type.bundle.unit-test";
		};
		F7D4B15A24FA27C10074176D /* My First AR appUITests */ = {
			isa = PBXNativeTarget;
			buildConfigurationList = F7D4B16A24FA27C10074176D /* Build configuration list for PBXNativeTarget "My First AR appUITests" */;
			buildPhases = (
				F7D4B15724FA27C10074176D /* Sources */,
				F7D4B15824FA27C10074176D /* Frameworks */,
				F7D4B15924FA27C10074176D /* Resources */,
			);
			buildRules = (
			);
			dependencies = (
				F7D4B15D24FA27C10074176D /* PBXTargetDependency */,
			);
			name = "My First AR appUITests";
			productName = "My First AR appUITests";
			productReference = F7D4B15B24FA27C10074176D /* My First AR appUITests.xctest */;
			productType = "com.apple.product-type.bundle.ui-testing";
		};
/* End PBXNativeTarget section */

/* Begin PBXProject section */
		F7D4B13224FA27BF0074176D /* Project object */ = {
			isa = PBXProject;
			attributes = {
				LastSwiftUpdateCheck = 1160;
				LastUpgradeCheck = 1160;
				ORGANIZATIONNAME = "Elias Lankinen";
				TargetAttributes = {
					F7D4B13924FA27BF0074176D = {
						CreatedOnToolsVersion = 11.6;
					};
					F7D4B14F24FA27C10074176D = {
						CreatedOnToolsVersion = 11.6;
						TestTargetID = F7D4B13924FA27BF0074176D;
					};
					F7D4B15A24FA27C10074176D = {
						CreatedOnToolsVersion = 11.6;
						TestTargetID = F7D4B13924FA27BF0074176D;
					};
				};
			};
			buildConfigurationList = F7D4B13524FA27BF0074176D /* Build configuration list for PBXProject "My First AR app" */;
			compatibilityVersion = "Xcode 9.3";
			developmentRegion = en;
			hasScannedForEncodings = 0;
			knownRegions = (
				en,
				Base,
			);
			mainGroup = F7D4B13124FA27BF0074176D;
			productRefGroup = F7D4B13B24FA27BF0074176D /* Products */;
			projectDirPath = "";
			projectRoot = "";
			targets = (
				F7D4B13924FA27BF0074176D /* My First AR app */,
				F7D4B14F24FA27C10074176D /* My First AR appTests */,
				F7D4B15A24FA27C10074176D /* My First AR appUITests */,
			);
		};
/* End PBXProject section */

/* Begin PBXResourcesBuildPhase section */
		F7D4B13824FA27BF0074176D /* Resources */ = {
			isa = PBXResourcesBuildPhase;
			buildActionMask = 2147483647;
			files = (
				F7D4B14A24FA27C10074176D /* LaunchScreen.storyboard in Resources */,
				F7D4B14724FA27C10074176D /* Preview Assets.xcassets in Resources */,
				F7D4B14424FA27C10074176D /* Assets.xcassets in Resources */,
			);
			runOnlyForDeploymentPostprocessing = 0;
		};
		F7D4B14E24FA27C10074176D /* Resources */ = {
			isa = PBXResourcesBuildPhase;
			buildActionMask = 2147483647;
			files = (
			);
			runOnlyForDeploymentPostprocessing = 0;
		};
		F7D4B15924FA27C10074176D /* Resources */ = {
			isa = PBXResourcesBuildPhase;
			buildActionMask = 2147483647;
			files = (
			);
			runOnlyForDeploymentPostprocessing = 0;
		};
/* End PBXResourcesBuildPhase section */

/* Begin PBXSourcesBuildPhase section */
		F7D4B13624FA27BF0074176D /* Sources */ = {
			isa = PBXSourcesBuildPhase;
			buildActionMask = 2147483647;
			files = (
				F7D4B14024FA27BF0074176D /* ContentView.swift in Sources */,
				F7D4B17224FA30210074176D /* ARUIView.swift in Sources */,
				F7D4B16E24FA2CB10074176D /* DataModel.swift in Sources */,
				F7D4B17024FA2F8B0074176D /* ARDisplayView.swift in Sources */,
				F7D4B13E24FA27BF0074176D /* AppDelegate.swift in Sources */,
				F7D4B14224FA27BF0074176D /* Experience.rcproject in Sources */,
			);
			runOnlyForDeploymentPostprocessing = 0;
		};
		F7D4B14C24FA27C10074176D /* Sources */ = {
			isa = PBXSourcesBuildPhase;
			buildActionMask = 2147483647;
			files = (
				F7D4B15524FA27C10074176D /* My_First_AR_appTests.swift in Sources */,
			);
			runOnlyForDeploymentPostprocessing = 0;
		};
		F7D4B15724FA27C10074176D /* Sources */ = {
			isa = PBXSourcesBuildPhase;
			buildActionMask = 2147483647;
			files = (
				F7D4B16024FA27C10074176D /* My_First_AR_appUITests.swift in Sources */,
			);
			runOnlyForDeploymentPostprocessing = 0;
		};
/* End PBXSourcesBuildPhase section */

/* Begin PBXTargetDependency section */
		F7D4B15224FA27C10074176D /* PBXTargetDependency */ = {
			isa = PBXTargetDependency;
			target = F7D4B13924FA27BF0074176D /* My First AR app */;
			targetProxy = F7D4B15124FA27C10074176D /* PBXContainerItemProxy */;
		};
		F7D4B15D24FA27C10074176D /* PBXTargetDependency */ = {
			isa = PBXTargetDependency;
			target = F7D4B13924FA27BF0074176D /* My First AR app */;
			targetProxy = F7D4B15C24FA27C10074176D /* PBXContainerItemProxy */;
		};
/* End PBXTargetDependency section */

/* Begin PBXVariantGroup section */
		F7D4B14824FA27C10074176D /* LaunchScreen.storyboard */ = {
			isa = PBXVariantGroup;
			children = (
				F7D4B14924FA27C10074176D /* Base */,
			);
			name = LaunchScreen.storyboard;
			sourceTree = "<group>";
		};
/* End PBXVariantGroup section */

/* Begin XCBuildConfiguration section */
		F7D4B16224FA27C10074176D /* Debug */ = {
			isa = XCBuildConfiguration;
			buildSettings = {
				ALWAYS_SEARCH_USER_PATHS = NO;
				CLANG_ANALYZER_NONNULL = YES;
				CLANG_ANALYZER_NUMBER_OBJECT_CONVERSION = YES_AGGRESSIVE;
				CLANG_CXX_LANGUAGE_STANDARD = "gnu++14";
				CLANG_CXX_LIBRARY = "libc++";
				CLANG_ENABLE_MODULES = YES;
				CLANG_ENABLE_OBJC_ARC = YES;
				CLANG_ENABLE_OBJC_WEAK = YES;
				CLANG_WARN_BLOCK_CAPTURE_AUTORELEASING = YES;
				CLANG_WARN_BOOL_CONVERSION = YES;
				CLANG_WARN_COMMA = YES;
				CLANG_WARN_CONSTANT_CONVERSION = YES;
				CLANG_WARN_DEPRECATED_OBJC_IMPLEMENTATIONS = YES;
				CLANG_WARN_DIRECT_OBJC_ISA_USAGE = YES_ERROR;
				CLANG_WARN_DOCUMENTATION_COMMENTS = YES;
				CLANG_WARN_EMPTY_BODY = YES;
				CLANG_WARN_ENUM_CONVERSION = YES;
				CLANG_WARN_INFINITE_RECURSION = YES;
				CLANG_WARN_INT_CONVERSION = YES;
				CLANG_WARN_NON_LITERAL_NULL_CONVERSION = YES;
				CLANG_WARN_OBJC_IMPLICIT_RETAIN_SELF = YES;
				CLANG_WARN_OBJC_LITERAL_CONVERSION = YES;
				CLANG_WARN_OBJC_ROOT_CLASS = YES_ERROR;
				CLANG_WARN_RANGE_LOOP_ANALYSIS = YES;
				CLANG_WARN_STRICT_PROTOTYPES = YES;
				CLANG_WARN_SUSPICIOUS_MOVE = YES;
				CLANG_WARN_UNGUARDED_AVAILABILITY = YES_AGGRESSIVE;
				CLANG_WARN_UNREACHABLE_CODE = YES;
				CLANG_WARN__DUPLICATE_METHOD_MATCH = YES;
				COPY_PHASE_STRIP = NO;
				DEBUG_INFORMATION_FORMAT = dwarf;
				ENABLE_STRICT_OBJC_MSGSEND = YES;
				ENABLE_TESTABILITY = YES;
				GCC_C_LANGUAGE_STANDARD = gnu11;
				GCC_DYNAMIC_NO_PIC = NO;
				GCC_NO_COMMON_BLOCKS = YES;
				GCC_OPTIMIZATION_LEVEL = 0;
				GCC_PREPROCESSOR_DEFINITIONS = (
					"DEBUG=1",
					"$(inherited)",
				);
				GCC_WARN_64_TO_32_BIT_CONVERSION = YES;
				GCC_WARN_ABOUT_RETURN_TYPE = YES_ERROR;
				GCC_WARN_UNDECLARED_SELECTOR = YES;
				GCC_WARN_UNINITIALIZED_AUTOS = YES_AGGRESSIVE;
				GCC_WARN_UNUSED_FUNCTION = YES;
				GCC_WARN_UNUSED_VARIABLE = YES;
				IPHONEOS_DEPLOYMENT_TARGET = 13.6;
				MTL_ENABLE_DEBUG_INFO = INCLUDE_SOURCE;
				MTL_FAST_MATH = YES;
				ONLY_ACTIVE_ARCH = YES;
				SDKROOT = iphoneos;
				SWIFT_ACTIVE_COMPILATION_CONDITIONS = DEBUG;
				SWIFT_OPTIMIZATION_LEVEL = "-Onone";
			};
			name = Debug;
		};
		F7D4B16324FA27C10074176D /* Release */ = {
			isa = XCBuildConfiguration;
			buildSettings = {
				ALWAYS_SEARCH_USER_PATHS = NO;
				CLANG_ANALYZER_NONNULL = YES;
				CLANG_ANALYZER_NUMBER_OBJECT_CONVERSION = YES_AGGRESSIVE;
				CLANG_CXX_LANGUAGE_STANDARD = "gnu++14";
				CLANG_CXX_LIBRARY = "libc++";
				CLANG_ENABLE_MODULES = YES;
				CLANG_ENABLE_OBJC_ARC = YES;
				CLANG_ENABLE_OBJC_WEAK = YES;
				CLANG_WARN_BLOCK_CAPTURE_AUTORELEASING = YES;
				CLANG_WARN_BOOL_CONVERSION = YES;
				CLANG_WARN_COMMA = YES;
				CLANG_WARN_CONSTANT_CONVERSION = YES;
				CLANG_WARN_DEPRECATED_OBJC_IMPLEMENTATIONS = YES;
				CLANG_WARN_DIRECT_OBJC_ISA_USAGE = YES_ERROR;
				CLANG_WARN_DOCUMENTATION_COMMENTS = YES;
				CLANG_WARN_EMPTY_BODY = YES;
				CLANG_WARN_ENUM_CONVERSION = YES;
				CLANG_WARN_INFINITE_RECURSION = YES;
				CLANG_WARN_INT_CONVERSION = YES;
				CLANG_WARN_NON_LITERAL_NULL_CONVERSION = YES;
				CLANG_WARN_OBJC_IMPLICIT_RETAIN_SELF = YES;
				CLANG_WARN_OBJC_LITERAL_CONVERSION = YES;
				CLANG_WARN_OBJC_ROOT_CLASS = YES_ERROR;
				CLANG_WARN_RANGE_LOOP_ANALYSIS = YES;
				CLANG_WARN_STRICT_PROTOTYPES = YES;
				CLANG_WARN_SUSPICIOUS_MOVE = YES;
				CLANG_WARN_UNGUARDED_AVAILABILITY = YES_AGGRESSIVE;
				CLANG_WARN_UNREACHABLE_CODE = YES;
				CLANG_WARN__DUPLICATE_METHOD_MATCH = YES;
				COPY_PHASE_STRIP = NO;
				DEBUG_INFORMATION_FORMAT = "dwarf-with-dsym";
				ENABLE_NS_ASSERTIONS = NO;
				ENABLE_STRICT_OBJC_MSGSEND = YES;
				GCC_C_LANGUAGE_STANDARD = gnu11;
				GCC_NO_COMMON_BLOCKS = YES;
				GCC_WARN_64_TO_32_BIT_CONVERSION = YES;
				GCC_WARN_ABOUT_RETURN_TYPE = YES_ERROR;
				GCC_WARN_UNDECLARED_SELECTOR = YES;
				GCC_WARN_UNINITIALIZED_AUTOS = YES_AGGRESSIVE;
				GCC_WARN_UNUSED_FUNCTION = YES;
				GCC_WARN_UNUSED_VARIABLE = YES;
				IPHONEOS_DEPLOYMENT_TARGET = 13.6;
				MTL_ENABLE_DEBUG_INFO = NO;
				MTL_FAST_MATH = YES;
				SDKROOT = iphoneos;
				SWIFT_COMPILATION_MODE = wholemodule;
				SWIFT_OPTIMIZATION_LEVEL = "-O";
				VALIDATE_PRODUCT = YES;
			};
			name = Release;
		};
		F7D4B16524FA27C10074176D /* Debug */ = {
			isa = XCBuildConfiguration;
			buildSettings = {
				ASSETCATALOG_COMPILER_APPICON_NAME = AppIcon;
				CODE_SIGN_STYLE = Automatic;
				DEVELOPMENT_ASSET_PATHS = "\"My First AR app/Preview Content\"";
				DEVELOPMENT_TEAM = P5X96NKX93;
				ENABLE_PREVIEWS = YES;
				INFOPLIST_FILE = "My First AR app/Info.plist";
				LD_RUNPATH_SEARCH_PATHS = (
					"$(inherited)",
					"@executable_path/Frameworks",
				);
				PRODUCT_BUNDLE_IDENTIFIER = "xyz.lankinen.My-First-AR-app";
				PRODUCT_NAME = "$(TARGET_NAME)";
				SWIFT_VERSION = 5.0;
				TARGETED_DEVICE_FAMILY = "1,2";
			};
			name = Debug;
		};
		F7D4B16624FA27C10074176D /* Release */ = {
			isa = XCBuildConfiguration;
			buildSettings = {
				ASSETCATALOG_COMPILER_APPICON_NAME = AppIcon;
				CODE_SIGN_STYLE = Automatic;
				DEVELOPMENT_ASSET_PATHS = "\"My First AR app/Preview Content\"";
				DEVELOPMENT_TEAM = P5X96NKX93;
				ENABLE_PREVIEWS = YES;
				INFOPLIST_FILE = "My First AR app/Info.plist";
				LD_RUNPATH_SEARCH_PATHS = (
					"$(inherited)",
					"@executable_path/Frameworks",
				);
				PRODUCT_BUNDLE_IDENTIFIER = "xyz.lankinen.My-First-AR-app";
				PRODUCT_NAME = "$(TARGET_NAME)";
				SWIFT_VERSION = 5.0;
				TARGETED_DEVICE_FAMILY = "1,2";
			};
			name = Release;
		};
		F7D4B16824FA27C10074176D /* Debug */ = {
			isa = XCBuildConfiguration;
			buildSettings = {
				ALWAYS_EMBED_SWIFT_STANDARD_LIBRARIES = YES;
				BUNDLE_LOADER = "$(TEST_HOST)";
				CODE_SIGN_STYLE = Automatic;
				DEVELOPMENT_TEAM = P5X96NKX93;
				INFOPLIST_FILE = "My First AR appTests/Info.plist";
				IPHONEOS_DEPLOYMENT_TARGET = 13.6;
				LD_RUNPATH_SEARCH_PATHS = (
					"$(inherited)",
					"@executable_path/Frameworks",
					"@loader_path/Frameworks",
				);
				PRODUCT_BUNDLE_IDENTIFIER = "xyz.lankinen.My-First-AR-appTests";
				PRODUCT_NAME = "$(TARGET_NAME)";
				SWIFT_VERSION = 5.0;
				TARGETED_DEVICE_FAMILY = "1,2";
				TEST_HOST = "$(BUILT_PRODUCTS_DIR)/My First AR app.app/My First AR app";
			};
			name = Debug;
		};
		F7D4B16924FA27C10074176D /* Release */ = {
			isa = XCBuildConfiguration;
			buildSettings = {
				ALWAYS_EMBED_SWIFT_STANDARD_LIBRARIES = YES;
				BUNDLE_LOADER = "$(TEST_HOST)";
				CODE_SIGN_STYLE = Automatic;
				DEVELOPMENT_TEAM = P5X96NKX93;
				INFOPLIST_FILE = "My First AR appTests/Info.plist";
				IPHONEOS_DEPLOYMENT_TARGET = 13.6;
				LD_RUNPATH_SEARCH_PATHS = (
					"$(inherited)",
					"@executable_path/Frameworks",
					"@loader_path/Frameworks",
				);
				PRODUCT_BUNDLE_IDENTIFIER = "xyz.lankinen.My-First-AR-appTests";
				PRODUCT_NAME = "$(TARGET_NAME)";
				SWIFT_VERSION = 5.0;
				TARGETED_DEVICE_FAMILY = "1,2";
				TEST_HOST = "$(BUILT_PRODUCTS_DIR)/My First AR app.app/My First AR app";
			};
			name = Release;
		};
		F7D4B16B24FA27C10074176D /* Debug */ = {
			isa = XCBuildConfiguration;
			buildSettings = {
				ALWAYS_EMBED_SWIFT_STANDARD_LIBRARIES = YES;
				CODE_SIGN_STYLE = Automatic;
				DEVELOPMENT_TEAM = P5X96NKX93;
				INFOPLIST_FILE = "My First AR appUITests/Info.plist";
				LD_RUNPATH_SEARCH_PATHS = (
					"$(inherited)",
					"@executable_path/Frameworks",
					"@loader_path/Frameworks",
				);
				PRODUCT_BUNDLE_IDENTIFIER = "xyz.lankinen.My-First-AR-appUITests";
				PRODUCT_NAME = "$(TARGET_NAME)";
				SWIFT_VERSION = 5.0;
				TARGETED_DEVICE_FAMILY = "1,2";
				TEST_TARGET_NAME = "My First AR app";
			};
			name = Debug;
		};
		F7D4B16C24FA27C10074176D /* Release */ = {
			isa = XCBuildConfiguration;
			buildSettings = {
				ALWAYS_EMBED_SWIFT_STANDARD_LIBRARIES = YES;
				CODE_SIGN_STYLE = Automatic;
				DEVELOPMENT_TEAM = P5X96NKX93;
				INFOPLIST_FILE = "My First AR appUITests/Info.plist";
				LD_RUNPATH_SEARCH_PATHS = (
					"$(inherited)",
					"@executable_path/Frameworks",
					"@loader_path/Frameworks",
				);
				PRODUCT_BUNDLE_IDENTIFIER = "xyz.lankinen.My-First-AR-appUITests";
				PRODUCT_NAME = "$(TARGET_NAME)";
				SWIFT_VERSION = 5.0;
				TARGETED_DEVICE_FAMILY = "1,2";
				TEST_TARGET_NAME = "My First AR app";
			};
			name = Release;
		};
/* End XCBuildConfiguration section */

/* Begin XCConfigurationList section */
		F7D4B13524FA27BF0074176D /* Build configuration list for PBXProject "My First AR app" */ = {
			isa = XCConfigurationList;
			buildConfigurations = (
				F7D4B16224FA27C10074176D /* Debug */,
				F7D4B16324FA27C10074176D /* Release */,
			);
			defaultConfigurationIsVisible = 0;
			defaultConfigurationName = Release;
		};
		F7D4B16424FA27C10074176D /* Build configuration list for PBXNativeTarget "My First AR app" */ = {
			isa = XCConfigurationList;
			buildConfigurations = (
				F7D4B16524FA27C10074176D /* Debug */,
				F7D4B16624FA27C10074176D /* Release */,
			);
			defaultConfigurationIsVisible = 0;
			defaultConfigurationName = Release;
		};
		F7D4B16724FA27C10074176D /* Build configuration list for PBXNativeTarget "My First AR appTests" */ = {
			isa = XCConfigurationList;
			buildConfigurations = (
				F7D4B16824FA27C10074176D /* Debug */,
				F7D4B16924FA27C10074176D /* Release */,
			);
			defaultConfigurationIsVisible = 0;
			defaultConfigurationName = Release;
		};
		F7D4B16A24FA27C10074176D /* Build configuration list for PBXNativeTarget "My First AR appUITests" */ = {
			isa = XCConfigurationList;
			buildConfigurations = (
				F7D4B16B24FA27C10074176D /* Debug */,
				F7D4B16C24FA27C10074176D /* Release */,
			);
			defaultConfigurationIsVisible = 0;
			defaultConfigurationName = Release;
		};
/* End XCConfigurationList section */
	};
	rootObject = F7D4B13224FA27BF0074176D /* Project object */;
}
